// !$*UTF8*$!
{
	archiveVersion = 1;
	classes = {
	};
	objectVersion = 56;
	objects = {

/* Begin PBXBuildFile section */
		551B99CA2A0FE12F0043273C /* CodeScanner in Frameworks */ = {isa = PBXBuildFile; productRef = 551B99C92A0FE12F0043273C /* CodeScanner */; };
		552A86012A0A48DF006311A8 /* HotProspectsApp.swift in Sources */ = {isa = PBXBuildFile; fileRef = 552A86002A0A48DF006311A8 /* HotProspectsApp.swift */; };
		552A86032A0A48DF006311A8 /* ContentView.swift in Sources */ = {isa = PBXBuildFile; fileRef = 552A86022A0A48DF006311A8 /* ContentView.swift */; };
		552A86052A0A48E0006311A8 /* Assets.xcassets in Resources */ = {isa = PBXBuildFile; fileRef = 552A86042A0A48E0006311A8 /* Assets.xcassets */; };
		552A86082A0A48E0006311A8 /* Preview Assets.xcassets in Resources */ = {isa = PBXBuildFile; fileRef = 552A86072A0A48E0006311A8 /* Preview Assets.xcassets */; };
		552DC2092A0E40B000BFA65A /* ProspectsView.swift in Sources */ = {isa = PBXBuildFile; fileRef = 552DC2082A0E40B000BFA65A /* ProspectsView.swift */; };
		552DC20B2A0E40B900BFA65A /* MeView.swift in Sources */ = {isa = PBXBuildFile; fileRef = 552DC20A2A0E40B900BFA65A /* MeView.swift */; };
		552DC20D2A0E43CF00BFA65A /* Prospect.swift in Sources */ = {isa = PBXBuildFile; fileRef = 552DC20C2A0E43CF00BFA65A /* Prospect.swift */; };
		5560668E2A0BA3D900468DDB /* OptionalView.swift in Sources */ = {isa = PBXBuildFile; fileRef = 5560668D2A0BA3D900468DDB /* OptionalView.swift */; };
		55BCAC232A123BBE00D8FBD3 /* FileManager-DocumentsDirectory.swift in Sources */ = {isa = PBXBuildFile; fileRef = 55BCAC222A123BBE00D8FBD3 /* FileManager-DocumentsDirectory.swift */; };
		55D401E12A0CEE8000E25F63 /* ManualUiUpdateView.swift in Sources */ = {isa = PBXBuildFile; fileRef = 55D401E02A0CEE8000E25F63 /* ManualUiUpdateView.swift */; };
		55D401E42A0CEF2C00E25F63 /* CreatingContextMenus.swift in Sources */ = {isa = PBXBuildFile; fileRef = 55D401E32A0CEF2C00E25F63 /* CreatingContextMenus.swift */; };
		55D401E62A0CF04F00E25F63 /* AddingCustmRowSwipeActionsToAList.swift in Sources */ = {isa = PBXBuildFile; fileRef = 55D401E52A0CF04F00E25F63 /* AddingCustmRowSwipeActionsToAList.swift */; };
		55D401E82A0CF3C600E25F63 /* SchedulingLocalNotifications.swift in Sources */ = {isa = PBXBuildFile; fileRef = 55D401E72A0CF3C600E25F63 /* SchedulingLocalNotifications.swift */; };
		55D625DE2A112F0700D0A322 /* ImageSaver.swift in Sources */ = {isa = PBXBuildFile; fileRef = 55D625DD2A112F0700D0A322 /* ImageSaver.swift */; };
/* End PBXBuildFile section */

/* Begin PBXFileReference section */
		552A85FD2A0A48DF006311A8 /* HotProspects.app */ = {isa = PBXFileReference; explicitFileType = wrapper.application; includeInIndex = 0; path = HotProspects.app; sourceTree = BUILT_PRODUCTS_DIR; };
		552A86002A0A48DF006311A8 /* HotProspectsApp.swift */ = {isa = PBXFileReference; lastKnownFileType = sourcecode.swift; path = HotProspectsApp.swift; sourceTree = "<group>"; };
		552A86022A0A48DF006311A8 /* ContentView.swift */ = {isa = PBXFileReference; lastKnownFileType = sourcecode.swift; path = ContentView.swift; sourceTree = "<group>"; };
		552A86042A0A48E0006311A8 /* Assets.xcassets */ = {isa = PBXFileReference; lastKnownFileType = folder.assetcatalog; path = Assets.xcassets; sourceTree = "<group>"; };
		552A86072A0A48E0006311A8 /* Preview Assets.xcassets */ = {isa = PBXFileReference; lastKnownFileType = folder.assetcatalog; path = "Preview Assets.xcassets"; sourceTree = "<group>"; };
		552DC2082A0E40B000BFA65A /* ProspectsView.swift */ = {isa = PBXFileReference; lastKnownFileType = sourcecode.swift; path = ProspectsView.swift; sourceTree = "<group>"; };
		552DC20A2A0E40B900BFA65A /* MeView.swift */ = {isa = PBXFileReference; lastKnownFileType = sourcecode.swift; path = MeView.swift; sourceTree = "<group>"; };
		552DC20C2A0E43CF00BFA65A /* Prospect.swift */ = {isa = PBXFileReference; lastKnownFileType = sourcecode.swift; path = Prospect.swift; sourceTree = "<group>"; };
		5560668D2A0BA3D900468DDB /* OptionalView.swift */ = {isa = PBXFileReference; lastKnownFileType = sourcecode.swift; path = OptionalView.swift; sourceTree = "<group>"; };
		55BCAC222A123BBE00D8FBD3 /* FileManager-DocumentsDirectory.swift */ = {isa = PBXFileReference; lastKnownFileType = sourcecode.swift; path = "FileManager-DocumentsDirectory.swift"; sourceTree = "<group>"; };
		55D401E02A0CEE8000E25F63 /* ManualUiUpdateView.swift */ = {isa = PBXFileReference; lastKnownFileType = sourcecode.swift; path = ManualUiUpdateView.swift; sourceTree = "<group>"; };
		55D401E32A0CEF2C00E25F63 /* CreatingContextMenus.swift */ = {isa = PBXFileReference; lastKnownFileType = sourcecode.swift; path = CreatingContextMenus.swift; sourceTree = "<group>"; };
		55D401E52A0CF04F00E25F63 /* AddingCustmRowSwipeActionsToAList.swift */ = {isa = PBXFileReference; lastKnownFileType = sourcecode.swift; path = AddingCustmRowSwipeActionsToAList.swift; sourceTree = "<group>"; };
		55D401E72A0CF3C600E25F63 /* SchedulingLocalNotifications.swift */ = {isa = PBXFileReference; lastKnownFileType = sourcecode.swift; path = SchedulingLocalNotifications.swift; sourceTree = "<group>"; };
		55D625DD2A112F0700D0A322 /* ImageSaver.swift */ = {isa = PBXFileReference; lastKnownFileType = sourcecode.swift; path = ImageSaver.swift; sourceTree = "<group>"; };
/* End PBXFileReference section */

/* Begin PBXFrameworksBuildPhase section */
		552A85FA2A0A48DF006311A8 /* Frameworks */ = {
			isa = PBXFrameworksBuildPhase;
			buildActionMask = 2147483647;
			files = (
				551B99CA2A0FE12F0043273C /* CodeScanner in Frameworks */,
			);
			runOnlyForDeploymentPostprocessing = 0;
		};
/* End PBXFrameworksBuildPhase section */

/* Begin PBXGroup section */
		552A85F42A0A48DF006311A8 = {
			isa = PBXGroup;
			children = (
				552A85FF2A0A48DF006311A8 /* HotProspects */,
				552A85FE2A0A48DF006311A8 /* Products */,
			);
			sourceTree = "<group>";
		};
		552A85FE2A0A48DF006311A8 /* Products */ = {
			isa = PBXGroup;
			children = (
				552A85FD2A0A48DF006311A8 /* HotProspects.app */,
			);
			name = Products;
			sourceTree = "<group>";
		};
		552A85FF2A0A48DF006311A8 /* HotProspects */ = {
			isa = PBXGroup;
			children = (
				55D401E22A0CEEDD00E25F63 /* lesson */,
				552A86002A0A48DF006311A8 /* HotProspectsApp.swift */,
				552A86022A0A48DF006311A8 /* ContentView.swift */,
				552DC2082A0E40B000BFA65A /* ProspectsView.swift */,
				552DC20A2A0E40B900BFA65A /* MeView.swift */,
				552DC20C2A0E43CF00BFA65A /* Prospect.swift */,
				55D625DD2A112F0700D0A322 /* ImageSaver.swift */,
				55BCAC222A123BBE00D8FBD3 /* FileManager-DocumentsDirectory.swift */,
				552A86042A0A48E0006311A8 /* Assets.xcassets */,
				552A86062A0A48E0006311A8 /* Preview Content */,
			);
			path = HotProspects;
			sourceTree = "<group>";
		};
		552A86062A0A48E0006311A8 /* Preview Content */ = {
			isa = PBXGroup;
			children = (
				552A86072A0A48E0006311A8 /* Preview Assets.xcassets */,
			);
			path = "Preview Content";
			sourceTree = "<group>";
		};
		55D401E22A0CEEDD00E25F63 /* lesson */ = {
			isa = PBXGroup;
			children = (
				5560668D2A0BA3D900468DDB /* OptionalView.swift */,
				55D401E02A0CEE8000E25F63 /* ManualUiUpdateView.swift */,
				55D401E32A0CEF2C00E25F63 /* CreatingContextMenus.swift */,
				55D401E52A0CF04F00E25F63 /* AddingCustmRowSwipeActionsToAList.swift */,
				55D401E72A0CF3C600E25F63 /* SchedulingLocalNotifications.swift */,
			);
			path = lesson;
			sourceTree = "<group>";
		};
/* End PBXGroup section */

/* Begin PBXNativeTarget section */
		552A85FC2A0A48DF006311A8 /* HotProspects */ = {
			isa = PBXNativeTarget;
			buildConfigurationList = 552A860B2A0A48E0006311A8 /* Build configuration list for PBXNativeTarget "HotProspects" */;
			buildPhases = (
				552A85F92A0A48DF006311A8 /* Sources */,
				552A85FA2A0A48DF006311A8 /* Frameworks */,
				552A85FB2A0A48DF006311A8 /* Resources */,
			);
			buildRules = (
			);
			dependencies = (
			);
			name = HotProspects;
			packageProductDependencies = (
				551B99C92A0FE12F0043273C /* CodeScanner */,
			);
			productName = HotProspects;
			productReference = 552A85FD2A0A48DF006311A8 /* HotProspects.app */;
			productType = "com.apple.product-type.application";
		};
/* End PBXNativeTarget section */

/* Begin PBXProject section */
		552A85F52A0A48DF006311A8 /* Project object */ = {
			isa = PBXProject;
			attributes = {
				BuildIndependentTargetsInParallel = 1;
				LastSwiftUpdateCheck = 1430;
				LastUpgradeCheck = 1430;
				TargetAttributes = {
					552A85FC2A0A48DF006311A8 = {
						CreatedOnToolsVersion = 14.3;
					};
				};
			};
			buildConfigurationList = 552A85F82A0A48DF006311A8 /* Build configuration list for PBXProject "HotProspects" */;
			compatibilityVersion = "Xcode 14.0";
			developmentRegion = en;
			hasScannedForEncodings = 0;
			knownRegions = (
				en,
				Base,
			);
			mainGroup = 552A85F42A0A48DF006311A8;
			packageReferences = (
				551B99C82A0FE12F0043273C /* XCRemoteSwiftPackageReference "CodeScanner" */,
			);
			productRefGroup = 552A85FE2A0A48DF006311A8 /* Products */;
			projectDirPath = "";
			projectRoot = "";
			targets = (
				552A85FC2A0A48DF006311A8 /* HotProspects */,
			);
		};
/* End PBXProject section */

/* Begin PBXResourcesBuildPhase section */
		552A85FB2A0A48DF006311A8 /* Resources */ = {
			isa = PBXResourcesBuildPhase;
			buildActionMask = 2147483647;
			files = (
				552A86082A0A48E0006311A8 /* Preview Assets.xcassets in Resources */,
				552A86052A0A48E0006311A8 /* Assets.xcassets in Resources */,
			);
			runOnlyForDeploymentPostprocessing = 0;
		};
/* End PBXResourcesBuildPhase section */

/* Begin PBXSourcesBuildPhase section */
		552A85F92A0A48DF006311A8 /* Sources */ = {
			isa = PBXSourcesBuildPhase;
			buildActionMask = 2147483647;
			files = (
				55D401E82A0CF3C600E25F63 /* SchedulingLocalNotifications.swift in Sources */,
				552DC20D2A0E43CF00BFA65A /* Prospect.swift in Sources */,
				55D401E62A0CF04F00E25F63 /* AddingCustmRowSwipeActionsToAList.swift in Sources */,
				5560668E2A0BA3D900468DDB /* OptionalView.swift in Sources */,
				55D401E42A0CEF2C00E25F63 /* CreatingContextMenus.swift in Sources */,
				552DC2092A0E40B000BFA65A /* ProspectsView.swift in Sources */,
				55BCAC232A123BBE00D8FBD3 /* FileManager-DocumentsDirectory.swift in Sources */,
				55D401E12A0CEE8000E25F63 /* ManualUiUpdateView.swift in Sources */,
				55D625DE2A112F0700D0A322 /* ImageSaver.swift in Sources */,
				552DC20B2A0E40B900BFA65A /* MeView.swift in Sources */,
				552A86032A0A48DF006311A8 /* ContentView.swift in Sources */,
				552A86012A0A48DF006311A8 /* HotProspectsApp.swift in Sources */,
			);
			runOnlyForDeploymentPostprocessing = 0;
		};
/* End PBXSourcesBuildPhase section */

/* Begin XCBuildConfiguration section */
		552A86092A0A48E0006311A8 /* Debug */ = {
			isa = XCBuildConfiguration;
			buildSettings = {
				ALWAYS_SEARCH_USER_PATHS = NO;
				CLANG_ANALYZER_NONNULL = YES;
				CLANG_ANALYZER_NUMBER_OBJECT_CONVERSION = YES_AGGRESSIVE;
				CLANG_CXX_LANGUAGE_STANDARD = "gnu++20";
				CLANG_ENABLE_MODULES = YES;
				CLANG_ENABLE_OBJC_ARC = YES;
				CLANG_ENABLE_OBJC_WEAK = YES;
				CLANG_WARN_BLOCK_CAPTURE_AUTORELEASING = YES;
				CLANG_WARN_BOOL_CONVERSION = YES;
				CLANG_WARN_COMMA = YES;
				CLANG_WARN_CONSTANT_CONVERSION = YES;
				CLANG_WARN_DEPRECATED_OBJC_IMPLEMENTATIONS = YES;
				CLANG_WARN_DIRECT_OBJC_ISA_USAGE = YES_ERROR;
				CLANG_WARN_DOCUMENTATION_COMMENTS = YES;
				CLANG_WARN_EMPTY_BODY = YES;
				CLANG_WARN_ENUM_CONVERSION = YES;
				CLANG_WARN_INFINITE_RECURSION = YES;
				CLANG_WARN_INT_CONVERSION = YES;
				CLANG_WARN_NON_LITERAL_NULL_CONVERSION = YES;
				CLANG_WARN_OBJC_IMPLICIT_RETAIN_SELF = YES;
				CLANG_WARN_OBJC_LITERAL_CONVERSION = YES;
				CLANG_WARN_OBJC_ROOT_CLASS = YES_ERROR;
				CLANG_WARN_QUOTED_INCLUDE_IN_FRAMEWORK_HEADER = YES;
				CLANG_WARN_RANGE_LOOP_ANALYSIS = YES;
				CLANG_WARN_STRICT_PROTOTYPES = YES;
				CLANG_WARN_SUSPICIOUS_MOVE = YES;
				CLANG_WARN_UNGUARDED_AVAILABILITY = YES_AGGRESSIVE;
				CLANG_WARN_UNREACHABLE_CODE = YES;
				CLANG_WARN__DUPLICATE_METHOD_MATCH = YES;
				COPY_PHASE_STRIP = NO;
				DEBUG_INFORMATION_FORMAT = dwarf;
				ENABLE_STRICT_OBJC_MSGSEND = YES;
				ENABLE_TESTABILITY = YES;
				GCC_C_LANGUAGE_STANDARD = gnu11;
				GCC_DYNAMIC_NO_PIC = NO;
				GCC_NO_COMMON_BLOCKS = YES;
				GCC_OPTIMIZATION_LEVEL = 0;
				GCC_PREPROCESSOR_DEFINITIONS = (
					"DEBUG=1",
					"$(inherited)",
				);
				GCC_WARN_64_TO_32_BIT_CONVERSION = YES;
				GCC_WARN_ABOUT_RETURN_TYPE = YES_ERROR;
				GCC_WARN_UNDECLARED_SELECTOR = YES;
				GCC_WARN_UNINITIALIZED_AUTOS = YES_AGGRESSIVE;
				GCC_WARN_UNUSED_FUNCTION = YES;
				GCC_WARN_UNUSED_VARIABLE = YES;
				IPHONEOS_DEPLOYMENT_TARGET = 16.4;
				MTL_ENABLE_DEBUG_INFO = INCLUDE_SOURCE;
				MTL_FAST_MATH = YES;
				ONLY_ACTIVE_ARCH = YES;
				SDKROOT = iphoneos;
				SWIFT_ACTIVE_COMPILATION_CONDITIONS = DEBUG;
				SWIFT_OPTIMIZATION_LEVEL = "-Onone";
			};
			name = Debug;
		};
		552A860A2A0A48E0006311A8 /* Release */ = {
			isa = XCBuildConfiguration;
			buildSettings = {
				ALWAYS_SEARCH_USER_PATHS = NO;
				CLANG_ANALYZER_NONNULL = YES;
				CLANG_ANALYZER_NUMBER_OBJECT_CONVERSION = YES_AGGRESSIVE;
				CLANG_CXX_LANGUAGE_STANDARD = "gnu++20";
				CLANG_ENABLE_MODULES = YES;
				CLANG_ENABLE_OBJC_ARC = YES;
				CLANG_ENABLE_OBJC_WEAK = YES;
				CLANG_WARN_BLOCK_CAPTURE_AUTORELEASING = YES;
				CLANG_WARN_BOOL_CONVERSION = YES;
				CLANG_WARN_COMMA = YES;
				CLANG_WARN_CONSTANT_CONVERSION = YES;
				CLANG_WARN_DEPRECATED_OBJC_IMPLEMENTATIONS = YES;
				CLANG_WARN_DIRECT_OBJC_ISA_USAGE = YES_ERROR;
				CLANG_WARN_DOCUMENTATION_COMMENTS = YES;
				CLANG_WARN_EMPTY_BODY = YES;
				CLANG_WARN_ENUM_CONVERSION = YES;
				CLANG_WARN_INFINITE_RECURSION = YES;
				CLANG_WARN_INT_CONVERSION = YES;
				CLANG_WARN_NON_LITERAL_NULL_CONVERSION = YES;
				CLANG_WARN_OBJC_IMPLICIT_RETAIN_SELF = YES;
				CLANG_WARN_OBJC_LITERAL_CONVERSION = YES;
				CLANG_WARN_OBJC_ROOT_CLASS = YES_ERROR;
				CLANG_WARN_QUOTED_INCLUDE_IN_FRAMEWORK_HEADER = YES;
				CLANG_WARN_RANGE_LOOP_ANALYSIS = YES;
				CLANG_WARN_STRICT_PROTOTYPES = YES;
				CLANG_WARN_SUSPICIOUS_MOVE = YES;
				CLANG_WARN_UNGUARDED_AVAILABILITY = YES_AGGRESSIVE;
				CLANG_WARN_UNREACHABLE_CODE = YES;
				CLANG_WARN__DUPLICATE_METHOD_MATCH = YES;
				COPY_PHASE_STRIP = NO;
				DEBUG_INFORMATION_FORMAT = "dwarf-with-dsym";
				ENABLE_NS_ASSERTIONS = NO;
				ENABLE_STRICT_OBJC_MSGSEND = YES;
				GCC_C_LANGUAGE_STANDARD = gnu11;
				GCC_NO_COMMON_BLOCKS = YES;
				GCC_WARN_64_TO_32_BIT_CONVERSION = YES;
				GCC_WARN_ABOUT_RETURN_TYPE = YES_ERROR;
				GCC_WARN_UNDECLARED_SELECTOR = YES;
				GCC_WARN_UNINITIALIZED_AUTOS = YES_AGGRESSIVE;
				GCC_WARN_UNUSED_FUNCTION = YES;
				GCC_WARN_UNUSED_VARIABLE = YES;
				IPHONEOS_DEPLOYMENT_TARGET = 16.4;
				MTL_ENABLE_DEBUG_INFO = NO;
				MTL_FAST_MATH = YES;
				SDKROOT = iphoneos;
				SWIFT_COMPILATION_MODE = wholemodule;
				SWIFT_OPTIMIZATION_LEVEL = "-O";
				VALIDATE_PRODUCT = YES;
			};
			name = Release;
		};
		552A860C2A0A48E0006311A8 /* Debug */ = {
			isa = XCBuildConfiguration;
			buildSettings = {
				ASSETCATALOG_COMPILER_APPICON_NAME = AppIcon;
				ASSETCATALOG_COMPILER_GLOBAL_ACCENT_COLOR_NAME = AccentColor;
				CODE_SIGN_STYLE = Automatic;
				CURRENT_PROJECT_VERSION = 1;
				DEVELOPMENT_ASSET_PATHS = "\"HotProspects/Preview Content\"";
				DEVELOPMENT_TEAM = Q5QJ9NN859;
				ENABLE_PREVIEWS = YES;
				GENERATE_INFOPLIST_FILE = YES;
				INFOPLIST_KEY_NSCameraUsageDescription = "Can we scan your QR code?";
				INFOPLIST_KEY_NSPhotoLibraryAddUsageDescription = "Can we save your QR code?";
				INFOPLIST_KEY_UIApplicationSceneManifest_Generation = YES;
				INFOPLIST_KEY_UIApplicationSupportsIndirectInputEvents = YES;
				INFOPLIST_KEY_UILaunchScreen_Generation = YES;
				INFOPLIST_KEY_UISupportedInterfaceOrientations_iPad = "UIInterfaceOrientationPortrait UIInterfaceOrientationPortraitUpsideDown UIInterfaceOrientationLandscapeLeft UIInterfaceOrientationLandscapeRight";
				INFOPLIST_KEY_UISupportedInterfaceOrientations_iPhone = "UIInterfaceOrientationPortrait UIInterfaceOrientationLandscapeLeft UIInterfaceOrientationLandscapeRight";
				LD_RUNPATH_SEARCH_PATHS = (
					"$(inherited)",
					"@executable_path/Frameworks",
				);
				MARKETING_VERSION = 1.0;
				PRODUCT_BUNDLE_IDENTIFIER = com.borba.felipe.HotProspects;
				PRODUCT_NAME = "$(TARGET_NAME)";
				SWIFT_EMIT_LOC_STRINGS = YES;
				SWIFT_VERSION = 5.0;
				TARGETED_DEVICE_FAMILY = "1,2";
			};
			name = Debug;
		};
		552A860D2A0A48E0006311A8 /* Release */ = {
			isa = XCBuildConfiguration;
			buildSettings = {
				ASSETCATALOG_COMPILER_APPICON_NAME = AppIcon;
				ASSETCATALOG_COMPILER_GLOBAL_ACCENT_COLOR_NAME = AccentColor;
				CODE_SIGN_STYLE = Automatic;
				CURRENT_PROJECT_VERSION = 1;
				DEVELOPMENT_ASSET_PATHS = "\"HotProspects/Preview Content\"";
				DEVELOPMENT_TEAM = Q5QJ9NN859;
				ENABLE_PREVIEWS = YES;
				GENERATE_INFOPLIST_FILE = YES;
				INFOPLIST_KEY_NSCameraUsageDescription = "Can we scan your QR code?";
				INFOPLIST_KEY_NSPhotoLibraryAddUsageDescription = "Can we save your QR code?";
				INFOPLIST_KEY_UIApplicationSceneManifest_Generation = YES;
				INFOPLIST_KEY_UIApplicationSupportsIndirectInputEvents = YES;
				INFOPLIST_KEY_UILaunchScreen_Generation = YES;
				INFOPLIST_KEY_UISupportedInterfaceOrientations_iPad = "UIInterfaceOrientationPortrait UIInterfaceOrientationPortraitUpsideDown UIInterfaceOrientationLandscapeLeft UIInterfaceOrientationLandscapeRight";
				INFOPLIST_KEY_UISupportedInterfaceOrientations_iPhone = "UIInterfaceOrientationPortrait UIInterfaceOrientationLandscapeLeft UIInterfaceOrientationLandscapeRight";
				LD_RUNPATH_SEARCH_PATHS = (
					"$(inherited)",
					"@executable_path/Frameworks",
				);
				MARKETING_VERSION = 1.0;
				PRODUCT_BUNDLE_IDENTIFIER = com.borba.felipe.HotProspects;
				PRODUCT_NAME = "$(TARGET_NAME)";
				SWIFT_EMIT_LOC_STRINGS = YES;
				SWIFT_VERSION = 5.0;
				TARGETED_DEVICE_FAMILY = "1,2";
			};
			name = Release;
		};
/* End XCBuildConfiguration section */

/* Begin XCConfigurationList section */
		552A85F82A0A48DF006311A8 /* Build configuration list for PBXProject "HotProspects" */ = {
			isa = XCConfigurationList;
			buildConfigurations = (
				552A86092A0A48E0006311A8 /* Debug */,
				552A860A2A0A48E0006311A8 /* Release */,
			);
			defaultConfigurationIsVisible = 0;
			defaultConfigurationName = Release;
		};
		552A860B2A0A48E0006311A8 /* Build configuration list for PBXNativeTarget "HotProspects" */ = {
			isa = XCConfigurationList;
			buildConfigurations = (
				552A860C2A0A48E0006311A8 /* Debug */,
				552A860D2A0A48E0006311A8 /* Release */,
			);
			defaultConfigurationIsVisible = 0;
			defaultConfigurationName = Release;
		};
/* End XCConfigurationList section */

/* Begin XCRemoteSwiftPackageReference section */
		551B99C82A0FE12F0043273C /* XCRemoteSwiftPackageReference "CodeScanner" */ = {
			isa = XCRemoteSwiftPackageReference;
			repositoryURL = "https://github.com/twostraws/CodeScanner";
			requirement = {
				kind = upToNextMajorVersion;
				minimumVersion = 2.0.0;
			};
		};
/* End XCRemoteSwiftPackageReference section */

/* Begin XCSwiftPackageProductDependency section */
		551B99C92A0FE12F0043273C /* CodeScanner */ = {
			isa = XCSwiftPackageProductDependency;
			package = 551B99C82A0FE12F0043273C /* XCRemoteSwiftPackageReference "CodeScanner" */;
			productName = CodeScanner;
		};
/* End XCSwiftPackageProductDependency section */
	};
	rootObject = 552A85F52A0A48DF006311A8 /* Project object */;
}
