// !$*UTF8*$!
{
	archiveVersion = 1;
	classes = {
	};
	objectVersion = 56;
	objects = {

/* Begin PBXBuildFile section */
		55840D9B2A274F1800219A16 /* Facility.swift in Sources */ = {isa = PBXBuildFile; fileRef = 55840D9A2A274F1800219A16 /* Facility.swift */; };
		55840D9D2A27548200219A16 /* Favorites.swift in Sources */ = {isa = PBXBuildFile; fileRef = 55840D9C2A27548200219A16 /* Favorites.swift */; };
		55E4784B2A237EC700CF5FDC /* SnowSeekerApp.swift in Sources */ = {isa = PBXBuildFile; fileRef = 55E4784A2A237EC700CF5FDC /* SnowSeekerApp.swift */; };
		55E4784D2A237EC700CF5FDC /* ContentView.swift in Sources */ = {isa = PBXBuildFile; fileRef = 55E4784C2A237EC700CF5FDC /* ContentView.swift */; };
		55E4784F2A237EC800CF5FDC /* Assets.xcassets in Resources */ = {isa = PBXBuildFile; fileRef = 55E4784E2A237EC800CF5FDC /* Assets.xcassets */; };
		55E478522A237EC800CF5FDC /* Preview Assets.xcassets in Resources */ = {isa = PBXBuildFile; fileRef = 55E478512A237EC800CF5FDC /* Preview Assets.xcassets */; };
		55E4785B2A23825700CF5FDC /* SideBySideView.swift in Sources */ = {isa = PBXBuildFile; fileRef = 55E4785A2A23825700CF5FDC /* SideBySideView.swift */; };
		55E4785D2A23A92500CF5FDC /* OptionalAlertSheet.swift in Sources */ = {isa = PBXBuildFile; fileRef = 55E4785C2A23A92500CF5FDC /* OptionalAlertSheet.swift */; };
		55E4785F2A23B5BE00CF5FDC /* TransparentLayout.swift in Sources */ = {isa = PBXBuildFile; fileRef = 55E4785E2A23B5BE00CF5FDC /* TransparentLayout.swift */; };
		55E478612A23BB0D00CF5FDC /* SearchableView.swift in Sources */ = {isa = PBXBuildFile; fileRef = 55E478602A23BB0D00CF5FDC /* SearchableView.swift */; };
		55EB8D4C2A25F99D00895416 /* resorts.json in Resources */ = {isa = PBXBuildFile; fileRef = 55EB8D4B2A25F99D00895416 /* resorts.json */; };
		55EB8D4E2A25FA6300895416 /* Resort.swift in Sources */ = {isa = PBXBuildFile; fileRef = 55EB8D4D2A25FA6300895416 /* Resort.swift */; };
		55EB8D502A25FB1600895416 /* Bundle-Decodable.swift in Sources */ = {isa = PBXBuildFile; fileRef = 55EB8D4F2A25FB1600895416 /* Bundle-Decodable.swift */; };
		55EB8D522A25FF4400895416 /* WelcomeView.swift in Sources */ = {isa = PBXBuildFile; fileRef = 55EB8D512A25FF4400895416 /* WelcomeView.swift */; };
		55EB8D542A26017500895416 /* ResortView.swift in Sources */ = {isa = PBXBuildFile; fileRef = 55EB8D532A26017500895416 /* ResortView.swift */; };
		55EB8D562A2602F500895416 /* SkiDetailsView.swift in Sources */ = {isa = PBXBuildFile; fileRef = 55EB8D552A2602F500895416 /* SkiDetailsView.swift */; };
		55EB8D582A26031700895416 /* ResortDetailsView.swift in Sources */ = {isa = PBXBuildFile; fileRef = 55EB8D572A26031700895416 /* ResortDetailsView.swift */; };
/* End PBXBuildFile section */

/* Begin PBXFileReference section */
		55840D9A2A274F1800219A16 /* Facility.swift */ = {isa = PBXFileReference; lastKnownFileType = sourcecode.swift; path = Facility.swift; sourceTree = "<group>"; };
		55840D9C2A27548200219A16 /* Favorites.swift */ = {isa = PBXFileReference; lastKnownFileType = sourcecode.swift; path = Favorites.swift; sourceTree = "<group>"; };
		55E478472A237EC700CF5FDC /* SnowSeeker.app */ = {isa = PBXFileReference; explicitFileType = wrapper.application; includeInIndex = 0; path = SnowSeeker.app; sourceTree = BUILT_PRODUCTS_DIR; };
		55E4784A2A237EC700CF5FDC /* SnowSeekerApp.swift */ = {isa = PBXFileReference; lastKnownFileType = sourcecode.swift; path = SnowSeekerApp.swift; sourceTree = "<group>"; };
		55E4784C2A237EC700CF5FDC /* ContentView.swift */ = {isa = PBXFileReference; lastKnownFileType = sourcecode.swift; path = ContentView.swift; sourceTree = "<group>"; };
		55E4784E2A237EC800CF5FDC /* Assets.xcassets */ = {isa = PBXFileReference; lastKnownFileType = folder.assetcatalog; path = Assets.xcassets; sourceTree = "<group>"; };
		55E478512A237EC800CF5FDC /* Preview Assets.xcassets */ = {isa = PBXFileReference; lastKnownFileType = folder.assetcatalog; path = "Preview Assets.xcassets"; sourceTree = "<group>"; };
		55E4785A2A23825700CF5FDC /* SideBySideView.swift */ = {isa = PBXFileReference; lastKnownFileType = sourcecode.swift; path = SideBySideView.swift; sourceTree = "<group>"; };
		55E4785C2A23A92500CF5FDC /* OptionalAlertSheet.swift */ = {isa = PBXFileReference; lastKnownFileType = sourcecode.swift; path = OptionalAlertSheet.swift; sourceTree = "<group>"; };
		55E4785E2A23B5BE00CF5FDC /* TransparentLayout.swift */ = {isa = PBXFileReference; lastKnownFileType = sourcecode.swift; path = TransparentLayout.swift; sourceTree = "<group>"; };
		55E478602A23BB0D00CF5FDC /* SearchableView.swift */ = {isa = PBXFileReference; lastKnownFileType = sourcecode.swift; path = SearchableView.swift; sourceTree = "<group>"; };
		55EB8D4B2A25F99D00895416 /* resorts.json */ = {isa = PBXFileReference; fileEncoding = 4; lastKnownFileType = text.json; path = resorts.json; sourceTree = "<group>"; };
		55EB8D4D2A25FA6300895416 /* Resort.swift */ = {isa = PBXFileReference; lastKnownFileType = sourcecode.swift; path = Resort.swift; sourceTree = "<group>"; };
		55EB8D4F2A25FB1600895416 /* Bundle-Decodable.swift */ = {isa = PBXFileReference; lastKnownFileType = sourcecode.swift; path = "Bundle-Decodable.swift"; sourceTree = "<group>"; };
		55EB8D512A25FF4400895416 /* WelcomeView.swift */ = {isa = PBXFileReference; lastKnownFileType = sourcecode.swift; path = WelcomeView.swift; sourceTree = "<group>"; };
		55EB8D532A26017500895416 /* ResortView.swift */ = {isa = PBXFileReference; lastKnownFileType = sourcecode.swift; path = ResortView.swift; sourceTree = "<group>"; };
		55EB8D552A2602F500895416 /* SkiDetailsView.swift */ = {isa = PBXFileReference; lastKnownFileType = sourcecode.swift; path = SkiDetailsView.swift; sourceTree = "<group>"; };
		55EB8D572A26031700895416 /* ResortDetailsView.swift */ = {isa = PBXFileReference; lastKnownFileType = sourcecode.swift; path = ResortDetailsView.swift; sourceTree = "<group>"; };
/* End PBXFileReference section */

/* Begin PBXFrameworksBuildPhase section */
		55E478442A237EC700CF5FDC /* Frameworks */ = {
			isa = PBXFrameworksBuildPhase;
			buildActionMask = 2147483647;
			files = (
			);
			runOnlyForDeploymentPostprocessing = 0;
		};
/* End PBXFrameworksBuildPhase section */

/* Begin PBXGroup section */
		55E4783E2A237EC700CF5FDC = {
			isa = PBXGroup;
			children = (
				55E478492A237EC700CF5FDC /* SnowSeeker */,
				55E478482A237EC700CF5FDC /* Products */,
			);
			sourceTree = "<group>";
		};
		55E478482A237EC700CF5FDC /* Products */ = {
			isa = PBXGroup;
			children = (
				55E478472A237EC700CF5FDC /* SnowSeeker.app */,
			);
			name = Products;
			sourceTree = "<group>";
		};
		55E478492A237EC700CF5FDC /* SnowSeeker */ = {
			isa = PBXGroup;
			children = (
				55E478582A23822500CF5FDC /* New Group */,
				55E4784A2A237EC700CF5FDC /* SnowSeekerApp.swift */,
				55E4784C2A237EC700CF5FDC /* ContentView.swift */,
				55EB8D512A25FF4400895416 /* WelcomeView.swift */,
				55EB8D532A26017500895416 /* ResortView.swift */,
				55EB8D552A2602F500895416 /* SkiDetailsView.swift */,
				55EB8D572A26031700895416 /* ResortDetailsView.swift */,
				55EB8D4B2A25F99D00895416 /* resorts.json */,
				55EB8D4D2A25FA6300895416 /* Resort.swift */,
				55840D9A2A274F1800219A16 /* Facility.swift */,
				55840D9C2A27548200219A16 /* Favorites.swift */,
				55EB8D4F2A25FB1600895416 /* Bundle-Decodable.swift */,
				55E4784E2A237EC800CF5FDC /* Assets.xcassets */,
				55E478502A237EC800CF5FDC /* Preview Content */,
			);
			path = SnowSeeker;
			sourceTree = "<group>";
		};
		55E478502A237EC800CF5FDC /* Preview Content */ = {
			isa = PBXGroup;
			children = (
				55E478512A237EC800CF5FDC /* Preview Assets.xcassets */,
			);
			path = "Preview Content";
			sourceTree = "<group>";
		};
		55E478582A23822500CF5FDC /* New Group */ = {
			isa = PBXGroup;
			children = (
				55E4785A2A23825700CF5FDC /* SideBySideView.swift */,
				55E4785C2A23A92500CF5FDC /* OptionalAlertSheet.swift */,
				55E4785E2A23B5BE00CF5FDC /* TransparentLayout.swift */,
				55E478602A23BB0D00CF5FDC /* SearchableView.swift */,
			);
			path = "New Group";
			sourceTree = "<group>";
		};
/* End PBXGroup section */

/* Begin PBXNativeTarget section */
		55E478462A237EC700CF5FDC /* SnowSeeker */ = {
			isa = PBXNativeTarget;
			buildConfigurationList = 55E478552A237EC800CF5FDC /* Build configuration list for PBXNativeTarget "SnowSeeker" */;
			buildPhases = (
				55E478432A237EC700CF5FDC /* Sources */,
				55E478442A237EC700CF5FDC /* Frameworks */,
				55E478452A237EC700CF5FDC /* Resources */,
			);
			buildRules = (
			);
			dependencies = (
			);
			name = SnowSeeker;
			productName = SnowSeeker;
			productReference = 55E478472A237EC700CF5FDC /* SnowSeeker.app */;
			productType = "com.apple.product-type.application";
		};
/* End PBXNativeTarget section */

/* Begin PBXProject section */
		55E4783F2A237EC700CF5FDC /* Project object */ = {
			isa = PBXProject;
			attributes = {
				BuildIndependentTargetsInParallel = 1;
				LastSwiftUpdateCheck = 1430;
				LastUpgradeCheck = 1430;
				TargetAttributes = {
					55E478462A237EC700CF5FDC = {
						CreatedOnToolsVersion = 14.3;
					};
				};
			};
			buildConfigurationList = 55E478422A237EC700CF5FDC /* Build configuration list for PBXProject "SnowSeeker" */;
			compatibilityVersion = "Xcode 14.0";
			developmentRegion = en;
			hasScannedForEncodings = 0;
			knownRegions = (
				en,
				Base,
			);
			mainGroup = 55E4783E2A237EC700CF5FDC;
			productRefGroup = 55E478482A237EC700CF5FDC /* Products */;
			projectDirPath = "";
			projectRoot = "";
			targets = (
				55E478462A237EC700CF5FDC /* SnowSeeker */,
			);
		};
/* End PBXProject section */

/* Begin PBXResourcesBuildPhase section */
		55E478452A237EC700CF5FDC /* Resources */ = {
			isa = PBXResourcesBuildPhase;
			buildActionMask = 2147483647;
			files = (
				55EB8D4C2A25F99D00895416 /* resorts.json in Resources */,
				55E478522A237EC800CF5FDC /* Preview Assets.xcassets in Resources */,
				55E4784F2A237EC800CF5FDC /* Assets.xcassets in Resources */,
			);
			runOnlyForDeploymentPostprocessing = 0;
		};
/* End PBXResourcesBuildPhase section */

/* Begin PBXSourcesBuildPhase section */
		55E478432A237EC700CF5FDC /* Sources */ = {
			isa = PBXSourcesBuildPhase;
			buildActionMask = 2147483647;
			files = (
				55E478612A23BB0D00CF5FDC /* SearchableView.swift in Sources */,
				55E4784D2A237EC700CF5FDC /* ContentView.swift in Sources */,
				55EB8D4E2A25FA6300895416 /* Resort.swift in Sources */,
				55EB8D502A25FB1600895416 /* Bundle-Decodable.swift in Sources */,
				55EB8D522A25FF4400895416 /* WelcomeView.swift in Sources */,
				55E4784B2A237EC700CF5FDC /* SnowSeekerApp.swift in Sources */,
				55840D9B2A274F1800219A16 /* Facility.swift in Sources */,
				55EB8D582A26031700895416 /* ResortDetailsView.swift in Sources */,
				55E4785D2A23A92500CF5FDC /* OptionalAlertSheet.swift in Sources */,
				55EB8D542A26017500895416 /* ResortView.swift in Sources */,
				55EB8D562A2602F500895416 /* SkiDetailsView.swift in Sources */,
				55840D9D2A27548200219A16 /* Favorites.swift in Sources */,
				55E4785B2A23825700CF5FDC /* SideBySideView.swift in Sources */,
				55E4785F2A23B5BE00CF5FDC /* TransparentLayout.swift in Sources */,
			);
			runOnlyForDeploymentPostprocessing = 0;
		};
/* End PBXSourcesBuildPhase section */

/* Begin XCBuildConfiguration section */
		55E478532A237EC800CF5FDC /* Debug */ = {
			isa = XCBuildConfiguration;
			buildSettings = {
				ALWAYS_SEARCH_USER_PATHS = NO;
				CLANG_ANALYZER_NONNULL = YES;
				CLANG_ANALYZER_NUMBER_OBJECT_CONVERSION = YES_AGGRESSIVE;
				CLANG_CXX_LANGUAGE_STANDARD = "gnu++20";
				CLANG_ENABLE_MODULES = YES;
				CLANG_ENABLE_OBJC_ARC = YES;
				CLANG_ENABLE_OBJC_WEAK = YES;
				CLANG_WARN_BLOCK_CAPTURE_AUTORELEASING = YES;
				CLANG_WARN_BOOL_CONVERSION = YES;
				CLANG_WARN_COMMA = YES;
				CLANG_WARN_CONSTANT_CONVERSION = YES;
				CLANG_WARN_DEPRECATED_OBJC_IMPLEMENTATIONS = YES;
				CLANG_WARN_DIRECT_OBJC_ISA_USAGE = YES_ERROR;
				CLANG_WARN_DOCUMENTATION_COMMENTS = YES;
				CLANG_WARN_EMPTY_BODY = YES;
				CLANG_WARN_ENUM_CONVERSION = YES;
				CLANG_WARN_INFINITE_RECURSION = YES;
				CLANG_WARN_INT_CONVERSION = YES;
				CLANG_WARN_NON_LITERAL_NULL_CONVERSION = YES;
				CLANG_WARN_OBJC_IMPLICIT_RETAIN_SELF = YES;
				CLANG_WARN_OBJC_LITERAL_CONVERSION = YES;
				CLANG_WARN_OBJC_ROOT_CLASS = YES_ERROR;
				CLANG_WARN_QUOTED_INCLUDE_IN_FRAMEWORK_HEADER = YES;
				CLANG_WARN_RANGE_LOOP_ANALYSIS = YES;
				CLANG_WARN_STRICT_PROTOTYPES = YES;
				CLANG_WARN_SUSPICIOUS_MOVE = YES;
				CLANG_WARN_UNGUARDED_AVAILABILITY = YES_AGGRESSIVE;
				CLANG_WARN_UNREACHABLE_CODE = YES;
				CLANG_WARN__DUPLICATE_METHOD_MATCH = YES;
				COPY_PHASE_STRIP = NO;
				DEBUG_INFORMATION_FORMAT = dwarf;
				ENABLE_STRICT_OBJC_MSGSEND = YES;
				ENABLE_TESTABILITY = YES;
				GCC_C_LANGUAGE_STANDARD = gnu11;
				GCC_DYNAMIC_NO_PIC = NO;
				GCC_NO_COMMON_BLOCKS = YES;
				GCC_OPTIMIZATION_LEVEL = 0;
				GCC_PREPROCESSOR_DEFINITIONS = (
					"DEBUG=1",
					"$(inherited)",
				);
				GCC_WARN_64_TO_32_BIT_CONVERSION = YES;
				GCC_WARN_ABOUT_RETURN_TYPE = YES_ERROR;
				GCC_WARN_UNDECLARED_SELECTOR = YES;
				GCC_WARN_UNINITIALIZED_AUTOS = YES_AGGRESSIVE;
				GCC_WARN_UNUSED_FUNCTION = YES;
				GCC_WARN_UNUSED_VARIABLE = YES;
				IPHONEOS_DEPLOYMENT_TARGET = 16.4;
				MTL_ENABLE_DEBUG_INFO = INCLUDE_SOURCE;
				MTL_FAST_MATH = YES;
				ONLY_ACTIVE_ARCH = YES;
				SDKROOT = iphoneos;
				SWIFT_ACTIVE_COMPILATION_CONDITIONS = DEBUG;
				SWIFT_OPTIMIZATION_LEVEL = "-Onone";
			};
			name = Debug;
		};
		55E478542A237EC800CF5FDC /* Release */ = {
			isa = XCBuildConfiguration;
			buildSettings = {
				ALWAYS_SEARCH_USER_PATHS = NO;
				CLANG_ANALYZER_NONNULL = YES;
				CLANG_ANALYZER_NUMBER_OBJECT_CONVERSION = YES_AGGRESSIVE;
				CLANG_CXX_LANGUAGE_STANDARD = "gnu++20";
				CLANG_ENABLE_MODULES = YES;
				CLANG_ENABLE_OBJC_ARC = YES;
				CLANG_ENABLE_OBJC_WEAK = YES;
				CLANG_WARN_BLOCK_CAPTURE_AUTORELEASING = YES;
				CLANG_WARN_BOOL_CONVERSION = YES;
				CLANG_WARN_COMMA = YES;
				CLANG_WARN_CONSTANT_CONVERSION = YES;
				CLANG_WARN_DEPRECATED_OBJC_IMPLEMENTATIONS = YES;
				CLANG_WARN_DIRECT_OBJC_ISA_USAGE = YES_ERROR;
				CLANG_WARN_DOCUMENTATION_COMMENTS = YES;
				CLANG_WARN_EMPTY_BODY = YES;
				CLANG_WARN_ENUM_CONVERSION = YES;
				CLANG_WARN_INFINITE_RECURSION = YES;
				CLANG_WARN_INT_CONVERSION = YES;
				CLANG_WARN_NON_LITERAL_NULL_CONVERSION = YES;
				CLANG_WARN_OBJC_IMPLICIT_RETAIN_SELF = YES;
				CLANG_WARN_OBJC_LITERAL_CONVERSION = YES;
				CLANG_WARN_OBJC_ROOT_CLASS = YES_ERROR;
				CLANG_WARN_QUOTED_INCLUDE_IN_FRAMEWORK_HEADER = YES;
				CLANG_WARN_RANGE_LOOP_ANALYSIS = YES;
				CLANG_WARN_STRICT_PROTOTYPES = YES;
				CLANG_WARN_SUSPICIOUS_MOVE = YES;
				CLANG_WARN_UNGUARDED_AVAILABILITY = YES_AGGRESSIVE;
				CLANG_WARN_UNREACHABLE_CODE = YES;
				CLANG_WARN__DUPLICATE_METHOD_MATCH = YES;
				COPY_PHASE_STRIP = NO;
				DEBUG_INFORMATION_FORMAT = "dwarf-with-dsym";
				ENABLE_NS_ASSERTIONS = NO;
				ENABLE_STRICT_OBJC_MSGSEND = YES;
				GCC_C_LANGUAGE_STANDARD = gnu11;
				GCC_NO_COMMON_BLOCKS = YES;
				GCC_WARN_64_TO_32_BIT_CONVERSION = YES;
				GCC_WARN_ABOUT_RETURN_TYPE = YES_ERROR;
				GCC_WARN_UNDECLARED_SELECTOR = YES;
				GCC_WARN_UNINITIALIZED_AUTOS = YES_AGGRESSIVE;
				GCC_WARN_UNUSED_FUNCTION = YES;
				GCC_WARN_UNUSED_VARIABLE = YES;
				IPHONEOS_DEPLOYMENT_TARGET = 16.4;
				MTL_ENABLE_DEBUG_INFO = NO;
				MTL_FAST_MATH = YES;
				SDKROOT = iphoneos;
				SWIFT_COMPILATION_MODE = wholemodule;
				SWIFT_OPTIMIZATION_LEVEL = "-O";
				VALIDATE_PRODUCT = YES;
			};
			name = Release;
		};
		55E478562A237EC800CF5FDC /* Debug */ = {
			isa = XCBuildConfiguration;
			buildSettings = {
				ASSETCATALOG_COMPILER_APPICON_NAME = AppIcon;
				ASSETCATALOG_COMPILER_GLOBAL_ACCENT_COLOR_NAME = AccentColor;
				CODE_SIGN_STYLE = Automatic;
				CURRENT_PROJECT_VERSION = 1;
				DEVELOPMENT_ASSET_PATHS = "\"SnowSeeker/Preview Content\"";
				DEVELOPMENT_TEAM = Q5QJ9NN859;
				ENABLE_PREVIEWS = YES;
				GENERATE_INFOPLIST_FILE = YES;
				INFOPLIST_KEY_UIApplicationSceneManifest_Generation = YES;
				INFOPLIST_KEY_UIApplicationSupportsIndirectInputEvents = YES;
				INFOPLIST_KEY_UILaunchScreen_Generation = YES;
				INFOPLIST_KEY_UISupportedInterfaceOrientations_iPad = "UIInterfaceOrientationPortrait UIInterfaceOrientationPortraitUpsideDown UIInterfaceOrientationLandscapeLeft UIInterfaceOrientationLandscapeRight";
				INFOPLIST_KEY_UISupportedInterfaceOrientations_iPhone = "UIInterfaceOrientationPortrait UIInterfaceOrientationLandscapeLeft UIInterfaceOrientationLandscapeRight";
				LD_RUNPATH_SEARCH_PATHS = (
					"$(inherited)",
					"@executable_path/Frameworks",
				);
				MARKETING_VERSION = 1.0;
				PRODUCT_BUNDLE_IDENTIFIER = com.borba.felipe.SnowSeeker;
				PRODUCT_NAME = "$(TARGET_NAME)";
				SWIFT_EMIT_LOC_STRINGS = YES;
				SWIFT_VERSION = 5.0;
				TARGETED_DEVICE_FAMILY = "1,2";
			};
			name = Debug;
		};
		55E478572A237EC800CF5FDC /* Release */ = {
			isa = XCBuildConfiguration;
			buildSettings = {
				ASSETCATALOG_COMPILER_APPICON_NAME = AppIcon;
				ASSETCATALOG_COMPILER_GLOBAL_ACCENT_COLOR_NAME = AccentColor;
				CODE_SIGN_STYLE = Automatic;
				CURRENT_PROJECT_VERSION = 1;
				DEVELOPMENT_ASSET_PATHS = "\"SnowSeeker/Preview Content\"";
				DEVELOPMENT_TEAM = Q5QJ9NN859;
				ENABLE_PREVIEWS = YES;
				GENERATE_INFOPLIST_FILE = YES;
				INFOPLIST_KEY_UIApplicationSceneManifest_Generation = YES;
				INFOPLIST_KEY_UIApplicationSupportsIndirectInputEvents = YES;
				INFOPLIST_KEY_UILaunchScreen_Generation = YES;
				INFOPLIST_KEY_UISupportedInterfaceOrientations_iPad = "UIInterfaceOrientationPortrait UIInterfaceOrientationPortraitUpsideDown UIInterfaceOrientationLandscapeLeft UIInterfaceOrientationLandscapeRight";
				INFOPLIST_KEY_UISupportedInterfaceOrientations_iPhone = "UIInterfaceOrientationPortrait UIInterfaceOrientationLandscapeLeft UIInterfaceOrientationLandscapeRight";
				LD_RUNPATH_SEARCH_PATHS = (
					"$(inherited)",
					"@executable_path/Frameworks",
				);
				MARKETING_VERSION = 1.0;
				PRODUCT_BUNDLE_IDENTIFIER = com.borba.felipe.SnowSeeker;
				PRODUCT_NAME = "$(TARGET_NAME)";
				SWIFT_EMIT_LOC_STRINGS = YES;
				SWIFT_VERSION = 5.0;
				TARGETED_DEVICE_FAMILY = "1,2";
			};
			name = Release;
		};
/* End XCBuildConfiguration section */

/* Begin XCConfigurationList section */
		55E478422A237EC700CF5FDC /* Build configuration list for PBXProject "SnowSeeker" */ = {
			isa = XCConfigurationList;
			buildConfigurations = (
				55E478532A237EC800CF5FDC /* Debug */,
				55E478542A237EC800CF5FDC /* Release */,
			);
			defaultConfigurationIsVisible = 0;
			defaultConfigurationName = Release;
		};
		55E478552A237EC800CF5FDC /* Build configuration list for PBXNativeTarget "SnowSeeker" */ = {
			isa = XCConfigurationList;
			buildConfigurations = (
				55E478562A237EC800CF5FDC /* Debug */,
				55E478572A237EC800CF5FDC /* Release */,
			);
			defaultConfigurationIsVisible = 0;
			defaultConfigurationName = Release;
		};
/* End XCConfigurationList section */
	};
	rootObject = 55E4783F2A237EC700CF5FDC /* Project object */;
}
